github.com/jellydator/ttlcache/v3 v3.1.0 h1:0gPFG0IHHP6xyUyXq+JaD8fwkDCqgqwohXNJBcYE71g=
github.com/jellydator/ttlcache/v3 v3.1.0/go.mod h1:hi7MGFdMAwZna5n2tuvh63DvFLzVKySzCVW6+0gA2n4=
github.com/mattn/go-sqlite3 v1.14.18 h1:JL0eqdCOq6DJVNPSvArO/bIV9/P7fbGrV00LZHc+5aI=
github.com/mattn/go-sqlite3 v1.14.18/go.mod h1:2eHXhiwb8IkHr+BDWZGa96P6+rkvnG63S2DGjv9HUNg=
golang.org/x/sync v0.1.0 h1:wsuoTGHzEhffawBOhz5CYhcrV4IdKZbEyZjBMuTp12o=
golang.org/x/sync v0.1.0/go.mod h1:RxMgew5VJxzue5/jJTE5uejpjVlOe/izrB70Jof72aM=
nullprogram.com/x/isaac64 v1.0.0 h1:60wAUcmF8LI7bqmIR84aCviOFYsZ16uzVVQwEv0KMo0=
nullprogram.com/x/isaac64 v1.0.0/go.mod h1:50jMhq3WThwRpM4z6xTHwp94BMqha3WbuKWb2vRxr78=
nullprogram.com/x/uuid v1.2.1 h1:dBg/lObcs+vykLutnXWbZp++/mRvyCnZcsq+BRfoJY4=
nullprogram.com/x/uuid v1.2.1/go.mod h1:NmzZbQYLdE9DEeN3zar52XwVIehpxzbXHxsbV/08T2I=
